{
  "version": 1,
  "dependencies": {
    "net6.0": {
      "Discord.Net": {
        "type": "Direct",
        "requested": "[3.6.1, )",
        "resolved": "3.6.1",
        "contentHash": "TfcL/HG57fVt//WVJ2XyF2PlytY9IYkkwwkPLIhvu5FW4wf9rm7+N8RPh4qtELLfsa5ES0FK2RbgYjABRR9AjA==",
        "dependencies": {
          "Discord.Net.Commands": "3.6.1",
          "Discord.Net.Core": "3.6.1",
          "Discord.Net.Interactions": "3.6.1",
          "Discord.Net.Rest": "3.6.1",
          "Discord.Net.WebSocket": "3.6.1",
          "Discord.Net.Webhook": "3.6.1"
        }
      },
      "Discord.Net.Commands": {
        "type": "Transitive",
        "resolved": "3.6.1",
        "contentHash": "kK7m571yzSzPd93o+n8Z+TfvX62BT1HtOEZIWXKwXWO8itP/sgqBNExjWK/6DOpkbD6+khc2f3rp+TA0rJD88g==",
        "dependencies": {
          "Discord.Net.Core": "3.6.1"
        }
      },
      "Discord.Net.Core": {
        "type": "Transitive",
        "resolved": "3.6.1",
        "contentHash": "ibVjQiWzgqh0GyP/GXE2kv3TA/9ysmmNFG/WmRE7GepQQAXXGxVUO9IMJ8h14EvIXMQ0m0DktMe5DkUnilo3Ag==",
        "dependencies": {
          "Newtonsoft.Json": "13.0.1",
          "System.Collections.Immutable": "5.0.0",
          "System.Interactive.Async": "5.0.0",
          "System.ValueTuple": "4.5.0"
        }
      },
      "Discord.Net.Interactions": {
        "type": "Transitive",
        "resolved": "3.6.1",
        "contentHash": "WGOxz6SMUu4WS5b/JdrhlwQletcplBIYqvjFBBDfnqE+uNJqcNGtAdyjLqIILfXGx8aSSSSYZSCeAUa7FZ8Yew==",
        "dependencies": {
          "Discord.Net.Core": "3.6.1",
          "Discord.Net.Rest": "3.6.1",
          "Discord.Net.WebSocket": "3.6.1",
          "Microsoft.Extensions.DependencyInjection.Abstractions": "5.0.0",
          "System.Collections.Immutable": "5.0.0",
          "System.Reactive": "5.0.0"
        }
      },
      "Discord.Net.Rest": {
        "type": "Transitive",
        "resolved": "3.6.1",
        "contentHash": "T7RRThIS23roFEJwTL1l7aawjVyn7ZB5yH3tMge0d6TiCzzp4V4FAZ+ArTt19LHRFhPly90v8V3sWqmTMN+5Zg==",
        "dependencies": {
          "Discord.Net.Core": "3.6.1"
        }
      },
      "Discord.Net.Webhook": {
        "type": "Transitive",
        "resolved": "3.6.1",
        "contentHash": "xikKHIGAIMz0BzHkaTKb48DNpFjKW8mvJjLJSezJ1xQOu+laHNk/hav4qxVtyZz7HSI/vGTkmlq9hKVhWzpaUA==",
        "dependencies": {
          "Discord.Net.Core": "3.6.1",
          "Discord.Net.Rest": "3.6.1"
        }
      },
      "Discord.Net.WebSocket": {
        "type": "Transitive",
        "resolved": "3.6.1",
        "contentHash": "hF22Xy7URlVEDQZ69INOgzPvFUsIDfd+r6U+1yF9HWdBn3d4THnvAAhkv1TraSx/T/MKS7g+jvk/HZ3mh5S3aw==",
        "dependencies": {
          "Discord.Net.Core": "3.6.1",
          "Discord.Net.Rest": "3.6.1"
        }
      },
      "Microsoft.Extensions.DependencyInjection.Abstractions": {
        "type": "Transitive",
        "resolved": "5.0.0",
        "contentHash": "ORj7Zh81gC69TyvmcUm9tSzytcy8AVousi+IVRAI8nLieQjOFryRusSFh7+aLk16FN9pQNqJAiMd7BTKINK0kA=="
      },
      "Newtonsoft.Json": {
        "type": "Transitive",
        "resolved": "13.0.1",
        "contentHash": "ppPFpBcvxdsfUonNcvITKqLl3bqxWbDCZIzDWHzjpdAHRFfZe0Dw9HmA0+za13IdyrgJwpkDTDA9fHaxOrt20A=="
      },
      "System.Collections.Immutable": {
        "type": "Transitive",
        "resolved": "5.0.0",
        "contentHash": "FXkLXiK0sVVewcso0imKQoOxjoPAj42R8HtjjbSjVPAzwDfzoyoznWxgA3c38LDbN9SJux1xXoXYAhz98j7r2g=="
      },
      "System.Interactive.Async": {
        "type": "Transitive",
        "resolved": "5.0.0",
        "contentHash": "QaqhQVDiULcu4vm6o89+iP329HcK44cETHOYgy/jfEjtzeFy0ZxmuM7nel9ocjnKxEM4yh1mli7hgh8Q9o+/Iw==",
        "dependencies": {
          "System.Linq.Async": "5.0.0"
        }
      },
      "System.Linq.Async": {
        "type": "Transitive",
        "resolved": "5.0.0",
        "contentHash": "cPtIuuH8TIjVHSi2ewwReWGW1PfChPE0LxPIDlfwVcLuTM9GANFTXiMB7k3aC4sk3f0cQU25LNKzx+jZMxijqw=="
      },
      "System.Reactive": {
        "type": "Transitive",
        "resolved": "5.0.0",
        "contentHash": "erBZjkQHWL9jpasCE/0qKAryzVBJFxGHVBAvgRN1bzM0q2s1S4oYREEEL0Vb+1kA/6BKb5FjUZMp5VXmy+gzkQ=="
      },
      "System.ValueTuple": {
        "type": "Transitive",
        "resolved": "4.5.0",
        "contentHash": "okurQJO6NRE/apDIP23ajJ0hpiNmJ+f0BwOlB/cSqTLQlw5upkf+5+96+iG2Jw40G1fCVCyPz/FhIABUjMR+RQ=="
      }
    }
  }
}