{
  "name": "discordBot",
  "version": "1.0.0",
  "lockfileVersion": 1,
  "requires": true,
  "dependencies": {
    "node": {
      "version": "16.13.1",
      "resolved": "https://registry.npmjs.org/node/-/node-16.13.1.tgz",
      "integrity": "sha512-XPcWHe8fJfB3mXZMGXxl9rSOkOhxQLjmRJBt898RCzGcZGZC0oz+1Wnc7/4hqDyQ3AZZH5xp6KizkFLIOlpHzA==",
      "dev": true,
      "requires": {
        "node-bin-setup": "^1.0.0"
      }
    },
    "node-bin-setup": {
      "version": "1.0.6",
      "resolved": "https://registry.npmjs.org/node-bin-setup/-/node-bin-setup-1.0.6.tgz",
      "integrity": "sha512-uPIxXNis1CRbv1DwqAxkgBk5NFV3s7cMN/Gf556jSw6jBvV7ca4F9lRL/8cALcZecRibeqU+5dFYqFFmzv5a0Q==",
      "dev": true
    }
  }
}
