[[package]]
name = "ffmpeg"
version = "1.4"
description = "ffmpeg python package url [https://github.com/jiashaokun/ffmpeg]"
category = "main"
optional = false
python-versions = "*"

[[package]]
name = "ffprobe"
version = "0.5"
description = "Wrapper around ffprobe command to extract metadata from media files"
category = "main"
optional = false
python-versions = "*"

[[package]]
name = "youtube-dl"
version = "2021.6.6"
description = "YouTube video downloader"
category = "main"
optional = false
python-versions = "*"

[metadata]
lock-version = "1.1"
python-versions = "^3.8"
content-hash = "b7550d70d983e7e51556c27a242705170c3ef11aace5d229d955627bf5fa458e"

[metadata.files]
ffmpeg = [
    {file = "ffmpeg-1.4.tar.gz", hash = "sha256:6931692c890ff21d39938433c2189747815dca0c60ddc7f9bb97f199dba0b5b9"},
]
ffprobe = [
    {file = "ffprobe-0.5.zip", hash = "sha256:f7dc048df62c6ccc1c602c865a7f0976b2679200fd07ebdc34ce51e9a8205b76"},
]
youtube-dl = [
    {file = "youtube_dl-2021.6.6-py2.py3-none-any.whl", hash = "sha256:263e04d53fb8ba3dfbd246ad09b7d388e896c132a20cc770c26ee7684de050ac"},
    {file = "youtube_dl-2021.6.6.tar.gz", hash = "sha256:cb2d3ee002158ede783e97a82c95f3817594df54367ea6a77ce5ceea4772f0ab"},
]
